
Microsoft Visual Studio Solution File, Format Version 12.00
# Visual Studio Version 16
VisualStudioVersion = 16.0.32126.315
MinimumVisualStudioVersion = 10.0.40219.1
Project("{9A19103F-16F7-4668-BE54-9A1E7A4F7556}") = "SafeNote.WebAPI", "SafeNote.WebAPI\SafeNote.WebAPI.csproj", "{57C7FE40-E957-48BB-98AA-92F4D22C7D47}"
EndProject
Global
	GlobalSection(SolutionConfigurationPlatforms) = preSolution
		Debug|Any CPU = Debug|Any CPU
		Release|Any CPU = Release|Any CPU
	EndGlobalSection
	GlobalSection(ProjectConfigurationPlatforms) = postSolution
		{57C7FE40-E957-48BB-98AA-92F4D22C7D47}.Debug|Any CPU.ActiveCfg = Debug|Any CPU
		{57C7FE40-E957-48BB-98AA-92F4D22C7D47}.Debug|Any CPU.Build.0 = Debug|Any CPU
		{57C7FE40-E957-48BB-98AA-92F4D22C7D47}.Release|Any CPU.ActiveCfg = Release|Any CPU
		{57C7FE40-E957-48BB-98AA-92F4D22C7D47}.Release|Any CPU.Build.0 = Release|Any CPU
	EndGlobalSection
	GlobalSection(SolutionProperties) = preSolution
		HideSolutionNode = FALSE
	EndGlobalSection
	GlobalSection(ExtensibilityGlobals) = postSolution
		SolutionGuid = {A5D9E8B3-BD9A-476C-8146-5865F32CD4E4}
	EndGlobalSection
EndGlobal
